
Microsoft Visual Studio Solution File, Format Version 12.00
# Visual Studio Version 16
VisualStudioVersion = 16.0.35425.106
MinimumVisualStudioVersion = 10.0.40219.1
Project("{FAE04EC0-301F-11D3-BF4B-00C04F79EFBC}") = "NbaKartyaJatek", "NbaKartyaJatek\NbaKartyaJatek.csproj", "{8B5A9DDD-5EC4-4263-AE08-278028F92308}"
EndProject
Global
	GlobalSection(SolutionConfigurationPlatforms) = preSolution
		Debug|Any CPU = Debug|Any CPU
		Release|Any CPU = Release|Any CPU
	EndGlobalSection
	GlobalSection(ProjectConfigurationPlatforms) = postSolution
		{8B5A9DDD-5EC4-4263-AE08-278028F92308}.Debug|Any CPU.ActiveCfg = Debug|Any CPU
		{8B5A9DDD-5EC4-4263-AE08-278028F92308}.Debug|Any CPU.Build.0 = Debug|Any CPU
		{8B5A9DDD-5EC4-4263-AE08-278028F92308}.Release|Any CPU.ActiveCfg = Release|Any CPU
		{8B5A9DDD-5EC4-4263-AE08-278028F92308}.Release|Any CPU.Build.0 = Release|Any CPU
	EndGlobalSection
	GlobalSection(SolutionProperties) = preSolution
		HideSolutionNode = FALSE
	EndGlobalSection
	GlobalSection(ExtensibilityGlobals) = postSolution
		SolutionGuid = {1186C81B-5201-4927-9003-D167DD52EE02}
	EndGlobalSection
EndGlobal
